
Microsoft Visual Studio Solution File, Format Version 12.00
# Visual Studio Version 16
VisualStudioVersion = 16.0.31205.134
MinimumVisualStudioVersion = 10.0.40219.1
Project("{FAE04EC0-301F-11D3-BF4B-00C04F79EFBC}") = "Calculadora de prestamos", "Calculadora de prestamos.csproj", "{09587D58-27DE-4CA7-AA67-92ACB4959D7D}"
EndProject
Global
	GlobalSection(SolutionConfigurationPlatforms) = preSolution
		Debug|Any CPU = Debug|Any CPU
		Release|Any CPU = Release|Any CPU
	EndGlobalSection
	GlobalSection(ProjectConfigurationPlatforms) = postSolution
		{09587D58-27DE-4CA7-AA67-92ACB4959D7D}.Debug|Any CPU.ActiveCfg = Debug|Any CPU
		{09587D58-27DE-4CA7-AA67-92ACB4959D7D}.Debug|Any CPU.Build.0 = Debug|Any CPU
		{09587D58-27DE-4CA7-AA67-92ACB4959D7D}.Release|Any CPU.ActiveCfg = Release|Any CPU
		{09587D58-27DE-4CA7-AA67-92ACB4959D7D}.Release|Any CPU.Build.0 = Release|Any CPU
	EndGlobalSection
	GlobalSection(SolutionProperties) = preSolution
		HideSolutionNode = FALSE
	EndGlobalSection
	GlobalSection(ExtensibilityGlobals) = postSolution
		SolutionGuid = {C8D8E88B-8844-4B5B-962E-C078E18CEE5A}
	EndGlobalSection
EndGlobal
